
Microsoft Visual Studio Solution File, Format Version 12.00
# Visual Studio Version 16
VisualStudioVersion = 16.0.30804.86
MinimumVisualStudioVersion = 10.0.40219.1
Project("{9A19103F-16F7-4668-BE54-9A1E7A4F7556}") = "Crafts", "Crafts.csproj", "{C8B0044D-708E-4255-966B-617925D5D0A4}"
EndProject
Global
	GlobalSection(SolutionConfigurationPlatforms) = preSolution
		Debug|Any CPU = Debug|Any CPU
		Release|Any CPU = Release|Any CPU
	EndGlobalSection
	GlobalSection(ProjectConfigurationPlatforms) = postSolution
		{C8B0044D-708E-4255-966B-617925D5D0A4}.Debug|Any CPU.ActiveCfg = Debug|Any CPU
		{C8B0044D-708E-4255-966B-617925D5D0A4}.Debug|Any CPU.Build.0 = Debug|Any CPU
		{C8B0044D-708E-4255-966B-617925D5D0A4}.Release|Any CPU.ActiveCfg = Release|Any CPU
		{C8B0044D-708E-4255-966B-617925D5D0A4}.Release|Any CPU.Build.0 = Release|Any CPU
	EndGlobalSection
	GlobalSection(SolutionProperties) = preSolution
		HideSolutionNode = FALSE
	EndGlobalSection
	GlobalSection(ExtensibilityGlobals) = postSolution
		SolutionGuid = {F065A14A-BDB9-4465-AA08-478B13C56044}
	EndGlobalSection
EndGlobal
